
Microsoft Visual Studio Solution File, Format Version 12.00
# Visual Studio Version 17
VisualStudioVersion = 17.2.32630.192
MinimumVisualStudioVersion = 10.0.40219.1
Project("{9A19103F-16F7-4668-BE54-9A1E7A4F7556}") = "Storage", "Storage\Storage.csproj", "{C8552937-3892-4684-B0B8-EAC632E1111D}"
EndProject
Project("{9A19103F-16F7-4668-BE54-9A1E7A4F7556}") = "DataAccess", "DataAccess\DataAccess.csproj", "{B4B1E871-EB5B-4286-A3FC-7B03146622FF}"
EndProject
Project("{9A19103F-16F7-4668-BE54-9A1E7A4F7556}") = "BusinessLogic", "BusinessLogic\BusinessLogic.csproj", "{0DF84EDF-B1E1-4478-B12E-18EA9D101C44}"
EndProject
Global
	GlobalSection(SolutionConfigurationPlatforms) = preSolution
		Debug|Any CPU = Debug|Any CPU
		Release|Any CPU = Release|Any CPU
	EndGlobalSection
	GlobalSection(ProjectConfigurationPlatforms) = postSolution
		{C8552937-3892-4684-B0B8-EAC632E1111D}.Debug|Any CPU.ActiveCfg = Debug|Any CPU
		{C8552937-3892-4684-B0B8-EAC632E1111D}.Debug|Any CPU.Build.0 = Debug|Any CPU
		{C8552937-3892-4684-B0B8-EAC632E1111D}.Release|Any CPU.ActiveCfg = Release|Any CPU
		{C8552937-3892-4684-B0B8-EAC632E1111D}.Release|Any CPU.Build.0 = Release|Any CPU
		{B4B1E871-EB5B-4286-A3FC-7B03146622FF}.Debug|Any CPU.ActiveCfg = Debug|Any CPU
		{B4B1E871-EB5B-4286-A3FC-7B03146622FF}.Debug|Any CPU.Build.0 = Debug|Any CPU
		{B4B1E871-EB5B-4286-A3FC-7B03146622FF}.Release|Any CPU.ActiveCfg = Release|Any CPU
		{B4B1E871-EB5B-4286-A3FC-7B03146622FF}.Release|Any CPU.Build.0 = Release|Any CPU
		{0DF84EDF-B1E1-4478-B12E-18EA9D101C44}.Debug|Any CPU.ActiveCfg = Debug|Any CPU
		{0DF84EDF-B1E1-4478-B12E-18EA9D101C44}.Debug|Any CPU.Build.0 = Debug|Any CPU
		{0DF84EDF-B1E1-4478-B12E-18EA9D101C44}.Release|Any CPU.ActiveCfg = Release|Any CPU
		{0DF84EDF-B1E1-4478-B12E-18EA9D101C44}.Release|Any CPU.Build.0 = Release|Any CPU
	EndGlobalSection
	GlobalSection(SolutionProperties) = preSolution
		HideSolutionNode = FALSE
	EndGlobalSection
	GlobalSection(ExtensibilityGlobals) = postSolution
		SolutionGuid = {129B97E8-3673-4B84-8AD8-F40556A9F157}
	EndGlobalSection
EndGlobal
