
Microsoft Visual Studio Solution File, Format Version 12.00
# Visual Studio 15
VisualStudioVersion = 15.0.26730.16
MinimumVisualStudioVersion = 10.0.40219.1
Project("{FAE04EC0-301F-11D3-BF4B-00C04F79EFBC}") = "Storage", "Storage\Storage.csproj", "{27C349F7-65E7-4957-80CA-E8894C6B768B}"
EndProject
Global
	GlobalSection(SolutionConfigurationPlatforms) = preSolution
		Debug|Any CPU = Debug|Any CPU
		Release|Any CPU = Release|Any CPU
	EndGlobalSection
	GlobalSection(ProjectConfigurationPlatforms) = postSolution
		{27C349F7-65E7-4957-80CA-E8894C6B768B}.Debug|Any CPU.ActiveCfg = Debug|Any CPU
		{27C349F7-65E7-4957-80CA-E8894C6B768B}.Debug|Any CPU.Build.0 = Debug|Any CPU
		{27C349F7-65E7-4957-80CA-E8894C6B768B}.Release|Any CPU.ActiveCfg = Release|Any CPU
		{27C349F7-65E7-4957-80CA-E8894C6B768B}.Release|Any CPU.Build.0 = Release|Any CPU
	EndGlobalSection
	GlobalSection(SolutionProperties) = preSolution
		HideSolutionNode = FALSE
	EndGlobalSection
	GlobalSection(ExtensibilityGlobals) = postSolution
		SolutionGuid = {4187A163-5B0B-4749-AA89-3FCC093A766D}
	EndGlobalSection
EndGlobal
